
Microsoft Visual Studio Solution File, Format Version 12.00
# Visual Studio Version 17
VisualStudioVersion = 17.4.33110.190
MinimumVisualStudioVersion = 10.0.40219.1
Project("{FAE04EC0-301F-11D3-BF4B-00C04F79EFBC}") = "WiredBrainCoffree.DataProcess", "WiredBrainCoffree.DataProcess\WiredBrainCoffree.DataProcess.csproj", "{731F02A5-E4B7-46AE-96DA-22A712D2B1F3}"
EndProject
Global
	GlobalSection(SolutionConfigurationPlatforms) = preSolution
		Debug|Any CPU = Debug|Any CPU
		Release|Any CPU = Release|Any CPU
	EndGlobalSection
	GlobalSection(ProjectConfigurationPlatforms) = postSolution
		{731F02A5-E4B7-46AE-96DA-22A712D2B1F3}.Debug|Any CPU.ActiveCfg = Debug|Any CPU
		{731F02A5-E4B7-46AE-96DA-22A712D2B1F3}.Debug|Any CPU.Build.0 = Debug|Any CPU
		{731F02A5-E4B7-46AE-96DA-22A712D2B1F3}.Release|Any CPU.ActiveCfg = Release|Any CPU
		{731F02A5-E4B7-46AE-96DA-22A712D2B1F3}.Release|Any CPU.Build.0 = Release|Any CPU
	EndGlobalSection
	GlobalSection(SolutionProperties) = preSolution
		HideSolutionNode = FALSE
	EndGlobalSection
	GlobalSection(ExtensibilityGlobals) = postSolution
		SolutionGuid = {FA947397-686E-4D28-B22C-044344FDFE21}
	EndGlobalSection
EndGlobal
